// !$*UTF8*$!
{
	archiveVersion = 1;
	classes = {
	};
	objectVersion = 46;
	objects = {

/* Begin PBXBuildFile section */
		4A2C786C1E9E80160004BF63 /* TweetCell.swift in Sources */ = {isa = PBXBuildFile; fileRef = 4A2C786B1E9E80160004BF63 /* TweetCell.swift */; };
		4A2C786E1E9E85E00004BF63 /* Tweet.swift in Sources */ = {isa = PBXBuildFile; fileRef = 4A2C786D1E9E85E00004BF63 /* Tweet.swift */; };
		4A88C6AA1E9D3E6F0003BDD2 /* User.swift in Sources */ = {isa = PBXBuildFile; fileRef = 4A88C6A91E9D3E6F0003BDD2 /* User.swift */; };
		4A88C6AC1E9D44190003BDD2 /* UserCell.swift in Sources */ = {isa = PBXBuildFile; fileRef = 4A88C6AB1E9D44190003BDD2 /* UserCell.swift */; };
		4A88C6AE1E9D57470003BDD2 /* HomeDatasourceControllerNavBar.swift in Sources */ = {isa = PBXBuildFile; fileRef = 4A88C6AD1E9D57470003BDD2 /* HomeDatasourceControllerNavBar.swift */; };
		4A9B93311E9EA7F200E9E83A /* Service.swift in Sources */ = {isa = PBXBuildFile; fileRef = 4A9B93301E9EA7F200E9E83A /* Service.swift */; };
		4ADD81E11E9A8FE6007E89D0 /* HomeDatasourceController.swift in Sources */ = {isa = PBXBuildFile; fileRef = 4ADD81E01E9A8FE6007E89D0 /* HomeDatasourceController.swift */; };
		4ADD81E61E9A989A007E89D0 /* UserHeaderAndFooter.swift in Sources */ = {isa = PBXBuildFile; fileRef = 4ADD81E51E9A989A007E89D0 /* UserHeaderAndFooter.swift */; };
		4ADD81E81E9A98E2007E89D0 /* HomeDatasource.swift in Sources */ = {isa = PBXBuildFile; fileRef = 4ADD81E71E9A98E2007E89D0 /* HomeDatasource.swift */; };
		4AEBBC0D1E9A669C00DBB665 /* AppDelegate.swift in Sources */ = {isa = PBXBuildFile; fileRef = 4AEBBC0C1E9A669C00DBB665 /* AppDelegate.swift */; };
		4AEBBC151E9A669C00DBB665 /* Twitter.xcdatamodeld in Sources */ = {isa = PBXBuildFile; fileRef = 4AEBBC131E9A669C00DBB665 /* Twitter.xcdatamodeld */; };
		4AEBBC171E9A669C00DBB665 /* Assets.xcassets in Resources */ = {isa = PBXBuildFile; fileRef = 4AEBBC161E9A669C00DBB665 /* Assets.xcassets */; };
		4AEBBC1A1E9A669C00DBB665 /* LaunchScreen.storyboard in Resources */ = {isa = PBXBuildFile; fileRef = 4AEBBC181E9A669C00DBB665 /* LaunchScreen.storyboard */; };
		4AEBBC251E9A669C00DBB665 /* TwitterTests.swift in Sources */ = {isa = PBXBuildFile; fileRef = 4AEBBC241E9A669C00DBB665 /* TwitterTests.swift */; };
		4AEBBC301E9A669C00DBB665 /* TwitterUITests.swift in Sources */ = {isa = PBXBuildFile; fileRef = 4AEBBC2F1E9A669C00DBB665 /* TwitterUITests.swift */; };
		4AEBBC3E1E9A698A00DBB665 /* HomeController.swift in Sources */ = {isa = PBXBuildFile; fileRef = 4AEBBC3D1E9A698A00DBB665 /* HomeController.swift */; };
		68DD48AD1C706D0217D36905 /* Pods_TwitterUITests.framework in Frameworks */ = {isa = PBXBuildFile; fileRef = E32FDF47A731D7FB6EB04571 /* Pods_TwitterUITests.framework */; };
		A50DF0C7795F5585B5AE7FFF /* Pods_TwitterTests.framework in Frameworks */ = {isa = PBXBuildFile; fileRef = ABB8F88ACA945C8D110768E3 /* Pods_TwitterTests.framework */; };
		EDF7477CF8B066E969949FA8 /* Pods_Twitter.framework in Frameworks */ = {isa = PBXBuildFile; fileRef = 78307C120D80A3FB4FB9B77A /* Pods_Twitter.framework */; };
/* End PBXBuildFile section */

/* Begin PBXContainerItemProxy section */
		4AEBBC211E9A669C00DBB665 /* PBXContainerItemProxy */ = {
			isa = PBXContainerItemProxy;
			containerPortal = 4AEBBC011E9A669C00DBB665 /* Project object */;
			proxyType = 1;
			remoteGlobalIDString = 4AEBBC081E9A669C00DBB665;
			remoteInfo = Twitter;
		};
		4AEBBC2C1E9A669C00DBB665 /* PBXContainerItemProxy */ = {
			isa = PBXContainerItemProxy;
			containerPortal = 4AEBBC011E9A669C00DBB665 /* Project object */;
			proxyType = 1;
			remoteGlobalIDString = 4AEBBC081E9A669C00DBB665;
			remoteInfo = Twitter;
		};
/* End PBXContainerItemProxy section */

/* Begin PBXFileReference section */
		232C30AD95FB7A24FA98CAA2 /* Pods-TwitterTests.release.xcconfig */ = {isa = PBXFileReference; includeInIndex = 1; lastKnownFileType = text.xcconfig; name = "Pods-TwitterTests.release.xcconfig"; path = "Pods/Target Support Files/Pods-TwitterTests/Pods-TwitterTests.release.xcconfig"; sourceTree = "<group>"; };
		3E681FF588D139BE00E2AD72 /* Pods-TwitterUITests.debug.xcconfig */ = {isa = PBXFileReference; includeInIndex = 1; lastKnownFileType = text.xcconfig; name = "Pods-TwitterUITests.debug.xcconfig"; path = "Pods/Target Support Files/Pods-TwitterUITests/Pods-TwitterUITests.debug.xcconfig"; sourceTree = "<group>"; };
		4A2C786B1E9E80160004BF63 /* TweetCell.swift */ = {isa = PBXFileReference; fileEncoding = 4; lastKnownFileType = sourcecode.swift; path = TweetCell.swift; sourceTree = "<group>"; };
		4A2C786D1E9E85E00004BF63 /* Tweet.swift */ = {isa = PBXFileReference; fileEncoding = 4; lastKnownFileType = sourcecode.swift; path = Tweet.swift; sourceTree = "<group>"; };
		4A88C6A91E9D3E6F0003BDD2 /* User.swift */ = {isa = PBXFileReference; fileEncoding = 4; lastKnownFileType = sourcecode.swift; path = User.swift; sourceTree = "<group>"; };
		4A88C6AB1E9D44190003BDD2 /* UserCell.swift */ = {isa = PBXFileReference; fileEncoding = 4; lastKnownFileType = sourcecode.swift; path = UserCell.swift; sourceTree = "<group>"; };
		4A88C6AD1E9D57470003BDD2 /* HomeDatasourceControllerNavBar.swift */ = {isa = PBXFileReference; fileEncoding = 4; lastKnownFileType = sourcecode.swift; path = HomeDatasourceControllerNavBar.swift; sourceTree = "<group>"; };
		4A9B93301E9EA7F200E9E83A /* Service.swift */ = {isa = PBXFileReference; fileEncoding = 4; lastKnownFileType = sourcecode.swift; path = Service.swift; sourceTree = "<group>"; };
		4ADD81E01E9A8FE6007E89D0 /* HomeDatasourceController.swift */ = {isa = PBXFileReference; fileEncoding = 4; lastKnownFileType = sourcecode.swift; path = HomeDatasourceController.swift; sourceTree = "<group>"; };
		4ADD81E51E9A989A007E89D0 /* UserHeaderAndFooter.swift */ = {isa = PBXFileReference; fileEncoding = 4; lastKnownFileType = sourcecode.swift; path = UserHeaderAndFooter.swift; sourceTree = "<group>"; };
		4ADD81E71E9A98E2007E89D0 /* HomeDatasource.swift */ = {isa = PBXFileReference; fileEncoding = 4; lastKnownFileType = sourcecode.swift; path = HomeDatasource.swift; sourceTree = "<group>"; };
		4AEBBC091E9A669C00DBB665 /* Twitter.app */ = {isa = PBXFileReference; explicitFileType = wrapper.application; includeInIndex = 0; path = Twitter.app; sourceTree = BUILT_PRODUCTS_DIR; };
		4AEBBC0C1E9A669C00DBB665 /* AppDelegate.swift */ = {isa = PBXFileReference; lastKnownFileType = sourcecode.swift; path = AppDelegate.swift; sourceTree = "<group>"; };
		4AEBBC141E9A669C00DBB665 /* Twitter.xcdatamodel */ = {isa = PBXFileReference; lastKnownFileType = wrapper.xcdatamodel; path = Twitter.xcdatamodel; sourceTree = "<group>"; };
		4AEBBC161E9A669C00DBB665 /* Assets.xcassets */ = {isa = PBXFileReference; lastKnownFileType = folder.assetcatalog; path = Assets.xcassets; sourceTree = "<group>"; };
		4AEBBC191E9A669C00DBB665 /* Base */ = {isa = PBXFileReference; lastKnownFileType = file.storyboard; name = Base; path = Base.lproj/LaunchScreen.storyboard; sourceTree = "<group>"; };
		4AEBBC1B1E9A669C00DBB665 /* Info.plist */ = {isa = PBXFileReference; lastKnownFileType = text.plist.xml; path = Info.plist; sourceTree = "<group>"; };
		4AEBBC201E9A669C00DBB665 /* TwitterTests.xctest */ = {isa = PBXFileReference; explicitFileType = wrapper.cfbundle; includeInIndex = 0; path = TwitterTests.xctest; sourceTree = BUILT_PRODUCTS_DIR; };
		4AEBBC241E9A669C00DBB665 /* TwitterTests.swift */ = {isa = PBXFileReference; lastKnownFileType = sourcecode.swift; path = TwitterTests.swift; sourceTree = "<group>"; };
		4AEBBC261E9A669C00DBB665 /* Info.plist */ = {isa = PBXFileReference; lastKnownFileType = text.plist.xml; path = Info.plist; sourceTree = "<group>"; };
		4AEBBC2B1E9A669C00DBB665 /* TwitterUITests.xctest */ = {isa = PBXFileReference; explicitFileType = wrapper.cfbundle; includeInIndex = 0; path = TwitterUITests.xctest; sourceTree = BUILT_PRODUCTS_DIR; };
		4AEBBC2F1E9A669C00DBB665 /* TwitterUITests.swift */ = {isa = PBXFileReference; lastKnownFileType = sourcecode.swift; path = TwitterUITests.swift; sourceTree = "<group>"; };
		4AEBBC311E9A669C00DBB665 /* Info.plist */ = {isa = PBXFileReference; lastKnownFileType = text.plist.xml; path = Info.plist; sourceTree = "<group>"; };
		4AEBBC3D1E9A698A00DBB665 /* HomeController.swift */ = {isa = PBXFileReference; fileEncoding = 4; lastKnownFileType = sourcecode.swift; path = HomeController.swift; sourceTree = "<group>"; };
		698058F62EC8C67AB292A47B /* Pods-TwitterTests.debug.xcconfig */ = {isa = PBXFileReference; includeInIndex = 1; lastKnownFileType = text.xcconfig; name = "Pods-TwitterTests.debug.xcconfig"; path = "Pods/Target Support Files/Pods-TwitterTests/Pods-TwitterTests.debug.xcconfig"; sourceTree = "<group>"; };
		6A53EC10A5C5780AB08CE0D7 /* Pods-Twitter.debug.xcconfig */ = {isa = PBXFileReference; includeInIndex = 1; lastKnownFileType = text.xcconfig; name = "Pods-Twitter.debug.xcconfig"; path = "Pods/Target Support Files/Pods-Twitter/Pods-Twitter.debug.xcconfig"; sourceTree = "<group>"; };
		78307C120D80A3FB4FB9B77A /* Pods_Twitter.framework */ = {isa = PBXFileReference; explicitFileType = wrapper.framework; includeInIndex = 0; path = Pods_Twitter.framework; sourceTree = BUILT_PRODUCTS_DIR; };
		ABB8F88ACA945C8D110768E3 /* Pods_TwitterTests.framework */ = {isa = PBXFileReference; explicitFileType = wrapper.framework; includeInIndex = 0; path = Pods_TwitterTests.framework; sourceTree = BUILT_PRODUCTS_DIR; };
		C838EB877DB8B04A8970A1AC /* Pods-TwitterUITests.release.xcconfig */ = {isa = PBXFileReference; includeInIndex = 1; lastKnownFileType = text.xcconfig; name = "Pods-TwitterUITests.release.xcconfig"; path = "Pods/Target Support Files/Pods-TwitterUITests/Pods-TwitterUITests.release.xcconfig"; sourceTree = "<group>"; };
		E32FDF47A731D7FB6EB04571 /* Pods_TwitterUITests.framework */ = {isa = PBXFileReference; explicitFileType = wrapper.framework; includeInIndex = 0; path = Pods_TwitterUITests.framework; sourceTree = BUILT_PRODUCTS_DIR; };
		F7717862F93C104AF3F58D63 /* Pods-Twitter.release.xcconfig */ = {isa = PBXFileReference; includeInIndex = 1; lastKnownFileType = text.xcconfig; name = "Pods-Twitter.release.xcconfig"; path = "Pods/Target Support Files/Pods-Twitter/Pods-Twitter.release.xcconfig"; sourceTree = "<group>"; };
/* End PBXFileReference section */

/* Begin PBXFrameworksBuildPhase section */
		4AEBBC061E9A669C00DBB665 /* Frameworks */ = {
			isa = PBXFrameworksBuildPhase;
			buildActionMask = 2147483647;
			files = (
				EDF7477CF8B066E969949FA8 /* Pods_Twitter.framework in Frameworks */,
			);
			runOnlyForDeploymentPostprocessing = 0;
		};
		4AEBBC1D1E9A669C00DBB665 /* Frameworks */ = {
			isa = PBXFrameworksBuildPhase;
			buildActionMask = 2147483647;
			files = (
				A50DF0C7795F5585B5AE7FFF /* Pods_TwitterTests.framework in Frameworks */,
			);
			runOnlyForDeploymentPostprocessing = 0;
		};
		4AEBBC281E9A669C00DBB665 /* Frameworks */ = {
			isa = PBXFrameworksBuildPhase;
			buildActionMask = 2147483647;
			files = (
				68DD48AD1C706D0217D36905 /* Pods_TwitterUITests.framework in Frameworks */,
			);
			runOnlyForDeploymentPostprocessing = 0;
		};
/* End PBXFrameworksBuildPhase section */

/* Begin PBXGroup section */
		4A9B932F1E9EA7D300E9E83A /* Service */ = {
			isa = PBXGroup;
			children = (
				4A9B93301E9EA7F200E9E83A /* Service.swift */,
			);
			name = Service;
			sourceTree = "<group>";
		};
		4ADD81E21E9A9846007E89D0 /* Controller */ = {
			isa = PBXGroup;
			children = (
				4ADD81E01E9A8FE6007E89D0 /* HomeDatasourceController.swift */,
			);
			name = Controller;
			sourceTree = "<group>";
		};
		4ADD81E31E9A9858007E89D0 /* Model */ = {
			isa = PBXGroup;
			children = (
				4ADD81E71E9A98E2007E89D0 /* HomeDatasource.swift */,
				4A88C6A91E9D3E6F0003BDD2 /* User.swift */,
				4A2C786D1E9E85E00004BF63 /* Tweet.swift */,
			);
			name = Model;
			sourceTree = "<group>";
		};
		4ADD81E41E9A986B007E89D0 /* View */ = {
			isa = PBXGroup;
			children = (
				4ADD81E51E9A989A007E89D0 /* UserHeaderAndFooter.swift */,
				4A88C6AB1E9D44190003BDD2 /* UserCell.swift */,
				4A88C6AD1E9D57470003BDD2 /* HomeDatasourceControllerNavBar.swift */,
				4A2C786B1E9E80160004BF63 /* TweetCell.swift */,
			);
			name = View;
			sourceTree = "<group>";
		};
		4AEBBC001E9A669C00DBB665 = {
			isa = PBXGroup;
			children = (
				4AEBBC0B1E9A669C00DBB665 /* Twitter */,
				4AEBBC231E9A669C00DBB665 /* TwitterTests */,
				4AEBBC2E1E9A669C00DBB665 /* TwitterUITests */,
				4AEBBC0A1E9A669C00DBB665 /* Products */,
				6CD3F20441683E54AC9E153A /* Pods */,
				8F4980A2A94C00B7247B9FDF /* Frameworks */,
			);
			sourceTree = "<group>";
		};
		4AEBBC0A1E9A669C00DBB665 /* Products */ = {
			isa = PBXGroup;
			children = (
				4AEBBC091E9A669C00DBB665 /* Twitter.app */,
				4AEBBC201E9A669C00DBB665 /* TwitterTests.xctest */,
				4AEBBC2B1E9A669C00DBB665 /* TwitterUITests.xctest */,
			);
			name = Products;
			sourceTree = "<group>";
		};
		4AEBBC0B1E9A669C00DBB665 /* Twitter */ = {
			isa = PBXGroup;
			children = (
				4A9B932F1E9EA7D300E9E83A /* Service */,
				4ADD81E41E9A986B007E89D0 /* View */,
				4ADD81E31E9A9858007E89D0 /* Model */,
				4ADD81E21E9A9846007E89D0 /* Controller */,
				4AEBBC0C1E9A669C00DBB665 /* AppDelegate.swift */,
				4AEBBC161E9A669C00DBB665 /* Assets.xcassets */,
				4AEBBC181E9A669C00DBB665 /* LaunchScreen.storyboard */,
				4AEBBC1B1E9A669C00DBB665 /* Info.plist */,
				4AEBBC131E9A669C00DBB665 /* Twitter.xcdatamodeld */,
				4AEBBC3D1E9A698A00DBB665 /* HomeController.swift */,
			);
			path = Twitter;
			sourceTree = "<group>";
		};
		4AEBBC231E9A669C00DBB665 /* TwitterTests */ = {
			isa = PBXGroup;
			children = (
				4AEBBC241E9A669C00DBB665 /* TwitterTests.swift */,
				4AEBBC261E9A669C00DBB665 /* Info.plist */,
			);
			path = TwitterTests;
			sourceTree = "<group>";
		};
		4AEBBC2E1E9A669C00DBB665 /* TwitterUITests */ = {
			isa = PBXGroup;
			children = (
				4AEBBC2F1E9A669C00DBB665 /* TwitterUITests.swift */,
				4AEBBC311E9A669C00DBB665 /* Info.plist */,
			);
			path = TwitterUITests;
			sourceTree = "<group>";
		};
		6CD3F20441683E54AC9E153A /* Pods */ = {
			isa = PBXGroup;
			children = (
				6A53EC10A5C5780AB08CE0D7 /* Pods-Twitter.debug.xcconfig */,
				F7717862F93C104AF3F58D63 /* Pods-Twitter.release.xcconfig */,
				698058F62EC8C67AB292A47B /* Pods-TwitterTests.debug.xcconfig */,
				232C30AD95FB7A24FA98CAA2 /* Pods-TwitterTests.release.xcconfig */,
				3E681FF588D139BE00E2AD72 /* Pods-TwitterUITests.debug.xcconfig */,
				C838EB877DB8B04A8970A1AC /* Pods-TwitterUITests.release.xcconfig */,
			);
			name = Pods;
			sourceTree = "<group>";
		};
		8F4980A2A94C00B7247B9FDF /* Frameworks */ = {
			isa = PBXGroup;
			children = (
				78307C120D80A3FB4FB9B77A /* Pods_Twitter.framework */,
				ABB8F88ACA945C8D110768E3 /* Pods_TwitterTests.framework */,
				E32FDF47A731D7FB6EB04571 /* Pods_TwitterUITests.framework */,
			);
			name = Frameworks;
			sourceTree = "<group>";
		};
/* End PBXGroup section */

/* Begin PBXNativeTarget section */
		4AEBBC081E9A669C00DBB665 /* Twitter */ = {
			isa = PBXNativeTarget;
			buildConfigurationList = 4AEBBC341E9A669C00DBB665 /* Build configuration list for PBXNativeTarget "Twitter" */;
			buildPhases = (
				2FAC8E9A882E6F03842AE65B /* [CP] Check Pods Manifest.lock */,
				4AEBBC051E9A669C00DBB665 /* Sources */,
				4AEBBC061E9A669C00DBB665 /* Frameworks */,
				4AEBBC071E9A669C00DBB665 /* Resources */,
				CC2AA837CFA05A0B92B0D3A2 /* [CP] Embed Pods Frameworks */,
				F0A2F0ABFEEDA0EB2B4779D5 /* [CP] Copy Pods Resources */,
			);
			buildRules = (
			);
			dependencies = (
			);
			name = Twitter;
			productName = Twitter;
			productReference = 4AEBBC091E9A669C00DBB665 /* Twitter.app */;
			productType = "com.apple.product-type.application";
		};
		4AEBBC1F1E9A669C00DBB665 /* TwitterTests */ = {
			isa = PBXNativeTarget;
			buildConfigurationList = 4AEBBC371E9A669C00DBB665 /* Build configuration list for PBXNativeTarget "TwitterTests" */;
			buildPhases = (
				0CBCA4DA4C4B95578B8E70AB /* [CP] Check Pods Manifest.lock */,
				4AEBBC1C1E9A669C00DBB665 /* Sources */,
				4AEBBC1D1E9A669C00DBB665 /* Frameworks */,
				4AEBBC1E1E9A669C00DBB665 /* Resources */,
				B127BF4F76FF6AD4A160E2B0 /* [CP] Embed Pods Frameworks */,
				94850D8CC47CBD7CDB149211 /* [CP] Copy Pods Resources */,
			);
			buildRules = (
			);
			dependencies = (
				4AEBBC221E9A669C00DBB665 /* PBXTargetDependency */,
			);
			name = TwitterTests;
			productName = TwitterTests;
			productReference = 4AEBBC201E9A669C00DBB665 /* TwitterTests.xctest */;
			productType = "com.apple.product-type.bundle.unit-test";
		};
		4AEBBC2A1E9A669C00DBB665 /* TwitterUITests */ = {
			isa = PBXNativeTarget;
			buildConfigurationList = 4AEBBC3A1E9A669C00DBB665 /* Build configuration list for PBXNativeTarget "TwitterUITests" */;
			buildPhases = (
				190D6A1F05D3F003DF71D471 /* [CP] Check Pods Manifest.lock */,
				4AEBBC271E9A669C00DBB665 /* Sources */,
				4AEBBC281E9A669C00DBB665 /* Frameworks */,
				4AEBBC291E9A669C00DBB665 /* Resources */,
				6658B03410D76CFAEDF133C3 /* [CP] Embed Pods Frameworks */,
				3635B0957D8F4532515442FF /* [CP] Copy Pods Resources */,
			);
			buildRules = (
			);
			dependencies = (
				4AEBBC2D1E9A669C00DBB665 /* PBXTargetDependency */,
			);
			name = TwitterUITests;
			productName = TwitterUITests;
			productReference = 4AEBBC2B1E9A669C00DBB665 /* TwitterUITests.xctest */;
			productType = "com.apple.product-type.bundle.ui-testing";
		};
/* End PBXNativeTarget section */

/* Begin PBXProject section */
		4AEBBC011E9A669C00DBB665 /* Project object */ = {
			isa = PBXProject;
			attributes = {
				LastSwiftUpdateCheck = 0830;
				LastUpgradeCheck = 0830;
				ORGANIZATIONNAME = SombreroElGringo;
				TargetAttributes = {
					4AEBBC081E9A669C00DBB665 = {
						CreatedOnToolsVersion = 8.3;
						DevelopmentTeam = KQ76LPZY2S;
						ProvisioningStyle = Automatic;
					};
					4AEBBC1F1E9A669C00DBB665 = {
						CreatedOnToolsVersion = 8.3;
						DevelopmentTeam = KQ76LPZY2S;
						ProvisioningStyle = Automatic;
						TestTargetID = 4AEBBC081E9A669C00DBB665;
					};
					4AEBBC2A1E9A669C00DBB665 = {
						CreatedOnToolsVersion = 8.3;
						DevelopmentTeam = KQ76LPZY2S;
						ProvisioningStyle = Automatic;
						TestTargetID = 4AEBBC081E9A669C00DBB665;
					};
				};
			};
			buildConfigurationList = 4AEBBC041E9A669C00DBB665 /* Build configuration list for PBXProject "Twitter" */;
			compatibilityVersion = "Xcode 3.2";
			developmentRegion = English;
			hasScannedForEncodings = 0;
			knownRegions = (
				en,
				Base,
			);
			mainGroup = 4AEBBC001E9A669C00DBB665;
			productRefGroup = 4AEBBC0A1E9A669C00DBB665 /* Products */;
			projectDirPath = "";
			projectRoot = "";
			targets = (
				4AEBBC081E9A669C00DBB665 /* Twitter */,
				4AEBBC1F1E9A669C00DBB665 /* TwitterTests */,
				4AEBBC2A1E9A669C00DBB665 /* TwitterUITests */,
			);
		};
/* End PBXProject section */

/* Begin PBXResourcesBuildPhase section */
		4AEBBC071E9A669C00DBB665 /* Resources */ = {
			isa = PBXResourcesBuildPhase;
			buildActionMask = 2147483647;
			files = (
				4AEBBC1A1E9A669C00DBB665 /* LaunchScreen.storyboard in Resources */,
				4AEBBC171E9A669C00DBB665 /* Assets.xcassets in Resources */,
			);
			runOnlyForDeploymentPostprocessing = 0;
		};
		4AEBBC1E1E9A669C00DBB665 /* Resources */ = {
			isa = PBXResourcesBuildPhase;
			buildActionMask = 2147483647;
			files = (
			);
			runOnlyForDeploymentPostprocessing = 0;
		};
		4AEBBC291E9A669C00DBB665 /* Resources */ = {
			isa = PBXResourcesBuildPhase;
			buildActionMask = 2147483647;
			files = (
			);
			runOnlyForDeploymentPostprocessing = 0;
		};
/* End PBXResourcesBuildPhase section */

/* Begin PBXShellScriptBuildPhase section */
		0CBCA4DA4C4B95578B8E70AB /* [CP] Check Pods Manifest.lock */ = {
			isa = PBXShellScriptBuildPhase;
			buildActionMask = 2147483647;
			files = (
			);
			inputPaths = (
			);
			name = "[CP] Check Pods Manifest.lock";
			outputPaths = (
			);
			runOnlyForDeploymentPostprocessing = 0;
			shellPath = /bin/sh;
			shellScript = "diff \"${PODS_ROOT}/../Podfile.lock\" \"${PODS_ROOT}/Manifest.lock\" > /dev/null\nif [ $? != 0 ] ; then\n    # print error to STDERR\n    echo \"error: The sandbox is not in sync with the Podfile.lock. Run 'pod install' or update your CocoaPods installation.\" >&2\n    exit 1\nfi\n";
			showEnvVarsInLog = 0;
		};
		190D6A1F05D3F003DF71D471 /* [CP] Check Pods Manifest.lock */ = {
			isa = PBXShellScriptBuildPhase;
			buildActionMask = 2147483647;
			files = (
			);
			inputPaths = (
			);
			name = "[CP] Check Pods Manifest.lock";
			outputPaths = (
			);
			runOnlyForDeploymentPostprocessing = 0;
			shellPath = /bin/sh;
			shellScript = "diff \"${PODS_ROOT}/../Podfile.lock\" \"${PODS_ROOT}/Manifest.lock\" > /dev/null\nif [ $? != 0 ] ; then\n    # print error to STDERR\n    echo \"error: The sandbox is not in sync with the Podfile.lock. Run 'pod install' or update your CocoaPods installation.\" >&2\n    exit 1\nfi\n";
			showEnvVarsInLog = 0;
		};
		2FAC8E9A882E6F03842AE65B /* [CP] Check Pods Manifest.lock */ = {
			isa = PBXShellScriptBuildPhase;
			buildActionMask = 2147483647;
			files = (
			);
			inputPaths = (
			);
			name = "[CP] Check Pods Manifest.lock";
			outputPaths = (
			);
			runOnlyForDeploymentPostprocessing = 0;
			shellPath = /bin/sh;
			shellScript = "diff \"${PODS_ROOT}/../Podfile.lock\" \"${PODS_ROOT}/Manifest.lock\" > /dev/null\nif [ $? != 0 ] ; then\n    # print error to STDERR\n    echo \"error: The sandbox is not in sync with the Podfile.lock. Run 'pod install' or update your CocoaPods installation.\" >&2\n    exit 1\nfi\n";
			showEnvVarsInLog = 0;
		};
		3635B0957D8F4532515442FF /* [CP] Copy Pods Resources */ = {
			isa = PBXShellScriptBuildPhase;
			buildActionMask = 2147483647;
			files = (
			);
			inputPaths = (
			);
			name = "[CP] Copy Pods Resources";
			outputPaths = (
			);
			runOnlyForDeploymentPostprocessing = 0;
			shellPath = /bin/sh;
			shellScript = "\"${SRCROOT}/Pods/Target Support Files/Pods-TwitterUITests/Pods-TwitterUITests-resources.sh\"\n";
			showEnvVarsInLog = 0;
		};
		6658B03410D76CFAEDF133C3 /* [CP] Embed Pods Frameworks */ = {
			isa = PBXShellScriptBuildPhase;
			buildActionMask = 2147483647;
			files = (
			);
			inputPaths = (
			);
			name = "[CP] Embed Pods Frameworks";
			outputPaths = (
			);
			runOnlyForDeploymentPostprocessing = 0;
			shellPath = /bin/sh;
			shellScript = "\"${SRCROOT}/Pods/Target Support Files/Pods-TwitterUITests/Pods-TwitterUITests-frameworks.sh\"\n";
			showEnvVarsInLog = 0;
		};
		94850D8CC47CBD7CDB149211 /* [CP] Copy Pods Resources */ = {
			isa = PBXShellScriptBuildPhase;
			buildActionMask = 2147483647;
			files = (
			);
			inputPaths = (
			);
			name = "[CP] Copy Pods Resources";
			outputPaths = (
			);
			runOnlyForDeploymentPostprocessing = 0;
			shellPath = /bin/sh;
			shellScript = "\"${SRCROOT}/Pods/Target Support Files/Pods-TwitterTests/Pods-TwitterTests-resources.sh\"\n";
			showEnvVarsInLog = 0;
		};
		B127BF4F76FF6AD4A160E2B0 /* [CP] Embed Pods Frameworks */ = {
			isa = PBXShellScriptBuildPhase;
			buildActionMask = 2147483647;
			files = (
			);
			inputPaths = (
			);
			name = "[CP] Embed Pods Frameworks";
			outputPaths = (
			);
			runOnlyForDeploymentPostprocessing = 0;
			shellPath = /bin/sh;
			shellScript = "\"${SRCROOT}/Pods/Target Support Files/Pods-TwitterTests/Pods-TwitterTests-frameworks.sh\"\n";
			showEnvVarsInLog = 0;
		};
		CC2AA837CFA05A0B92B0D3A2 /* [CP] Embed Pods Frameworks */ = {
			isa = PBXShellScriptBuildPhase;
			buildActionMask = 2147483647;
			files = (
			);
			inputPaths = (
			);
			name = "[CP] Embed Pods Frameworks";
			outputPaths = (
			);
			runOnlyForDeploymentPostprocessing = 0;
			shellPath = /bin/sh;
			shellScript = "\"${SRCROOT}/Pods/Target Support Files/Pods-Twitter/Pods-Twitter-frameworks.sh\"\n";
			showEnvVarsInLog = 0;
		};
		F0A2F0ABFEEDA0EB2B4779D5 /* [CP] Copy Pods Resources */ = {
			isa = PBXShellScriptBuildPhase;
			buildActionMask = 2147483647;
			files = (
			);
			inputPaths = (
			);
			name = "[CP] Copy Pods Resources";
			outputPaths = (
			);
			runOnlyForDeploymentPostprocessing = 0;
			shellPath = /bin/sh;
			shellScript = "\"${SRCROOT}/Pods/Target Support Files/Pods-Twitter/Pods-Twitter-resources.sh\"\n";
			showEnvVarsInLog = 0;
		};
/* End PBXShellScriptBuildPhase section */

/* Begin PBXSourcesBuildPhase section */
		4AEBBC051E9A669C00DBB665 /* Sources */ = {
			isa = PBXSourcesBuildPhase;
			buildActionMask = 2147483647;
			files = (
				4A88C6AC1E9D44190003BDD2 /* UserCell.swift in Sources */,
				4AEBBC3E1E9A698A00DBB665 /* HomeController.swift in Sources */,
				4ADD81E11E9A8FE6007E89D0 /* HomeDatasourceController.swift in Sources */,
				4A88C6AE1E9D57470003BDD2 /* HomeDatasourceControllerNavBar.swift in Sources */,
				4AEBBC0D1E9A669C00DBB665 /* AppDelegate.swift in Sources */,
				4A9B93311E9EA7F200E9E83A /* Service.swift in Sources */,
				4ADD81E81E9A98E2007E89D0 /* HomeDatasource.swift in Sources */,
				4AEBBC151E9A669C00DBB665 /* Twitter.xcdatamodeld in Sources */,
				4A2C786C1E9E80160004BF63 /* TweetCell.swift in Sources */,
				4ADD81E61E9A989A007E89D0 /* UserHeaderAndFooter.swift in Sources */,
				4A88C6AA1E9D3E6F0003BDD2 /* User.swift in Sources */,
				4A2C786E1E9E85E00004BF63 /* Tweet.swift in Sources */,
			);
			runOnlyForDeploymentPostprocessing = 0;
		};
		4AEBBC1C1E9A669C00DBB665 /* Sources */ = {
			isa = PBXSourcesBuildPhase;
			buildActionMask = 2147483647;
			files = (
				4AEBBC251E9A669C00DBB665 /* TwitterTests.swift in Sources */,
			);
			runOnlyForDeploymentPostprocessing = 0;
		};
		4AEBBC271E9A669C00DBB665 /* Sources */ = {
			isa = PBXSourcesBuildPhase;
			buildActionMask = 2147483647;
			files = (
				4AEBBC301E9A669C00DBB665 /* TwitterUITests.swift in Sources */,
			);
			runOnlyForDeploymentPostprocessing = 0;
		};
/* End PBXSourcesBuildPhase section */

/* Begin PBXTargetDependency section */
		4AEBBC221E9A669C00DBB665 /* PBXTargetDependency */ = {
			isa = PBXTargetDependency;
			target = 4AEBBC081E9A669C00DBB665 /* Twitter */;
			targetProxy = 4AEBBC211E9A669C00DBB665 /* PBXContainerItemProxy */;
		};
		4AEBBC2D1E9A669C00DBB665 /* PBXTargetDependency */ = {
			isa = PBXTargetDependency;
			target = 4AEBBC081E9A669C00DBB665 /* Twitter */;
			targetProxy = 4AEBBC2C1E9A669C00DBB665 /* PBXContainerItemProxy */;
		};
/* End PBXTargetDependency section */

/* Begin PBXVariantGroup section */
		4AEBBC181E9A669C00DBB665 /* LaunchScreen.storyboard */ = {
			isa = PBXVariantGroup;
			children = (
				4AEBBC191E9A669C00DBB665 /* Base */,
			);
			name = LaunchScreen.storyboard;
			sourceTree = "<group>";
		};
/* End PBXVariantGroup section */

/* Begin XCBuildConfiguration section */
		4AEBBC321E9A669C00DBB665 /* Debug */ = {
			isa = XCBuildConfiguration;
			buildSettings = {
				ALWAYS_SEARCH_USER_PATHS = NO;
				CLANG_ANALYZER_NONNULL = YES;
				CLANG_ANALYZER_NUMBER_OBJECT_CONVERSION = YES_AGGRESSIVE;
				CLANG_CXX_LANGUAGE_STANDARD = "gnu++0x";
				CLANG_CXX_LIBRARY = "libc++";
				CLANG_ENABLE_MODULES = YES;
				CLANG_ENABLE_OBJC_ARC = YES;
				CLANG_WARN_BOOL_CONVERSION = YES;
				CLANG_WARN_CONSTANT_CONVERSION = YES;
				CLANG_WARN_DIRECT_OBJC_ISA_USAGE = YES_ERROR;
				CLANG_WARN_DOCUMENTATION_COMMENTS = YES;
				CLANG_WARN_EMPTY_BODY = YES;
				CLANG_WARN_ENUM_CONVERSION = YES;
				CLANG_WARN_INFINITE_RECURSION = YES;
				CLANG_WARN_INT_CONVERSION = YES;
				CLANG_WARN_OBJC_ROOT_CLASS = YES_ERROR;
				CLANG_WARN_SUSPICIOUS_MOVE = YES;
				CLANG_WARN_UNREACHABLE_CODE = YES;
				CLANG_WARN__DUPLICATE_METHOD_MATCH = YES;
				"CODE_SIGN_IDENTITY[sdk=iphoneos*]" = "iPhone Developer";
				COPY_PHASE_STRIP = NO;
				DEBUG_INFORMATION_FORMAT = dwarf;
				ENABLE_STRICT_OBJC_MSGSEND = YES;
				ENABLE_TESTABILITY = YES;
				GCC_C_LANGUAGE_STANDARD = gnu99;
				GCC_DYNAMIC_NO_PIC = NO;
				GCC_NO_COMMON_BLOCKS = YES;
				GCC_OPTIMIZATION_LEVEL = 0;
				GCC_PREPROCESSOR_DEFINITIONS = (
					"DEBUG=1",
					"$(inherited)",
				);
				GCC_WARN_64_TO_32_BIT_CONVERSION = YES;
				GCC_WARN_ABOUT_RETURN_TYPE = YES_ERROR;
				GCC_WARN_UNDECLARED_SELECTOR = YES;
				GCC_WARN_UNINITIALIZED_AUTOS = YES_AGGRESSIVE;
				GCC_WARN_UNUSED_FUNCTION = YES;
				GCC_WARN_UNUSED_VARIABLE = YES;
				IPHONEOS_DEPLOYMENT_TARGET = 10.3;
				MTL_ENABLE_DEBUG_INFO = YES;
				ONLY_ACTIVE_ARCH = YES;
				SDKROOT = iphoneos;
				SWIFT_ACTIVE_COMPILATION_CONDITIONS = DEBUG;
				SWIFT_OPTIMIZATION_LEVEL = "-Onone";
			};
			name = Debug;
		};
		4AEBBC331E9A669C00DBB665 /* Release */ = {
			isa = XCBuildConfiguration;
			buildSettings = {
				ALWAYS_SEARCH_USER_PATHS = NO;
				CLANG_ANALYZER_NONNULL = YES;
				CLANG_ANALYZER_NUMBER_OBJECT_CONVERSION = YES_AGGRESSIVE;
				CLANG_CXX_LANGUAGE_STANDARD = "gnu++0x";
				CLANG_CXX_LIBRARY = "libc++";
				CLANG_ENABLE_MODULES = YES;
				CLANG_ENABLE_OBJC_ARC = YES;
				CLANG_WARN_BOOL_CONVERSION = YES;
				CLANG_WARN_CONSTANT_CONVERSION = YES;
				CLANG_WARN_DIRECT_OBJC_ISA_USAGE = YES_ERROR;
				CLANG_WARN_DOCUMENTATION_COMMENTS = YES;
				CLANG_WARN_EMPTY_BODY = YES;
				CLANG_WARN_ENUM_CONVERSION = YES;
				CLANG_WARN_INFINITE_RECURSION = YES;
				CLANG_WARN_INT_CONVERSION = YES;
				CLANG_WARN_OBJC_ROOT_CLASS = YES_ERROR;
				CLANG_WARN_SUSPICIOUS_MOVE = YES;
				CLANG_WARN_UNREACHABLE_CODE = YES;
				CLANG_WARN__DUPLICATE_METHOD_MATCH = YES;
				"CODE_SIGN_IDENTITY[sdk=iphoneos*]" = "iPhone Developer";
				COPY_PHASE_STRIP = NO;
				DEBUG_INFORMATION_FORMAT = "dwarf-with-dsym";
				ENABLE_NS_ASSERTIONS = NO;
				ENABLE_STRICT_OBJC_MSGSEND = YES;
				GCC_C_LANGUAGE_STANDARD = gnu99;
				GCC_NO_COMMON_BLOCKS = YES;
				GCC_WARN_64_TO_32_BIT_CONVERSION = YES;
				GCC_WARN_ABOUT_RETURN_TYPE = YES_ERROR;
				GCC_WARN_UNDECLARED_SELECTOR = YES;
				GCC_WARN_UNINITIALIZED_AUTOS = YES_AGGRESSIVE;
				GCC_WARN_UNUSED_FUNCTION = YES;
				GCC_WARN_UNUSED_VARIABLE = YES;
				IPHONEOS_DEPLOYMENT_TARGET = 10.3;
				MTL_ENABLE_DEBUG_INFO = NO;
				SDKROOT = iphoneos;
				SWIFT_OPTIMIZATION_LEVEL = "-Owholemodule";
				VALIDATE_PRODUCT = YES;
			};
			name = Release;
		};
		4AEBBC351E9A669C00DBB665 /* Debug */ = {
			isa = XCBuildConfiguration;
			baseConfigurationReference = 6A53EC10A5C5780AB08CE0D7 /* Pods-Twitter.debug.xcconfig */;
			buildSettings = {
				ASSETCATALOG_COMPILER_APPICON_NAME = AppIcon;
				DEVELOPMENT_TEAM = KQ76LPZY2S;
				INFOPLIST_FILE = Twitter/Info.plist;
				LD_RUNPATH_SEARCH_PATHS = "$(inherited) @executable_path/Frameworks";
				PRODUCT_BUNDLE_IDENTIFIER = com.SombreroElGringo.Twitter;
				PRODUCT_NAME = "$(TARGET_NAME)";
				SWIFT_VERSION = 3.0;
			};
			name = Debug;
		};
		4AEBBC361E9A669C00DBB665 /* Release */ = {
			isa = XCBuildConfiguration;
			baseConfigurationReference = F7717862F93C104AF3F58D63 /* Pods-Twitter.release.xcconfig */;
			buildSettings = {
				ASSETCATALOG_COMPILER_APPICON_NAME = AppIcon;
				DEVELOPMENT_TEAM = KQ76LPZY2S;
				INFOPLIST_FILE = Twitter/Info.plist;
				LD_RUNPATH_SEARCH_PATHS = "$(inherited) @executable_path/Frameworks";
				PRODUCT_BUNDLE_IDENTIFIER = com.SombreroElGringo.Twitter;
				PRODUCT_NAME = "$(TARGET_NAME)";
				SWIFT_VERSION = 3.0;
			};
			name = Release;
		};
		4AEBBC381E9A669C00DBB665 /* Debug */ = {
			isa = XCBuildConfiguration;
			baseConfigurationReference = 698058F62EC8C67AB292A47B /* Pods-TwitterTests.debug.xcconfig */;
			buildSettings = {
				ALWAYS_EMBED_SWIFT_STANDARD_LIBRARIES = YES;
				BUNDLE_LOADER = "$(TEST_HOST)";
				DEVELOPMENT_TEAM = KQ76LPZY2S;
				INFOPLIST_FILE = TwitterTests/Info.plist;
				LD_RUNPATH_SEARCH_PATHS = "$(inherited) @executable_path/Frameworks @loader_path/Frameworks";
				PRODUCT_BUNDLE_IDENTIFIER = com.SombreroElGringo.TwitterTests;
				PRODUCT_NAME = "$(TARGET_NAME)";
				SWIFT_VERSION = 3.0;
				TEST_HOST = "$(BUILT_PRODUCTS_DIR)/Twitter.app/Twitter";
			};
			name = Debug;
		};
		4AEBBC391E9A669C00DBB665 /* Release */ = {
			isa = XCBuildConfiguration;
			baseConfigurationReference = 232C30AD95FB7A24FA98CAA2 /* Pods-TwitterTests.release.xcconfig */;
			buildSettings = {
				ALWAYS_EMBED_SWIFT_STANDARD_LIBRARIES = YES;
				BUNDLE_LOADER = "$(TEST_HOST)";
				DEVELOPMENT_TEAM = KQ76LPZY2S;
				INFOPLIST_FILE = TwitterTests/Info.plist;
				LD_RUNPATH_SEARCH_PATHS = "$(inherited) @executable_path/Frameworks @loader_path/Frameworks";
				PRODUCT_BUNDLE_IDENTIFIER = com.SombreroElGringo.TwitterTests;
				PRODUCT_NAME = "$(TARGET_NAME)";
				SWIFT_VERSION = 3.0;
				TEST_HOST = "$(BUILT_PRODUCTS_DIR)/Twitter.app/Twitter";
			};
			name = Release;
		};
		4AEBBC3B1E9A669C00DBB665 /* Debug */ = {
			isa = XCBuildConfiguration;
			baseConfigurationReference = 3E681FF588D139BE00E2AD72 /* Pods-TwitterUITests.debug.xcconfig */;
			buildSettings = {
				ALWAYS_EMBED_SWIFT_STANDARD_LIBRARIES = YES;
				DEVELOPMENT_TEAM = KQ76LPZY2S;
				INFOPLIST_FILE = TwitterUITests/Info.plist;
				LD_RUNPATH_SEARCH_PATHS = "$(inherited) @executable_path/Frameworks @loader_path/Frameworks";
				PRODUCT_BUNDLE_IDENTIFIER = com.SombreroElGringo.TwitterUITests;
				PRODUCT_NAME = "$(TARGET_NAME)";
				SWIFT_VERSION = 3.0;
				TEST_TARGET_NAME = Twitter;
			};
			name = Debug;
		};
		4AEBBC3C1E9A669C00DBB665 /* Release */ = {
			isa = XCBuildConfiguration;
			baseConfigurationReference = C838EB877DB8B04A8970A1AC /* Pods-TwitterUITests.release.xcconfig */;
			buildSettings = {
				ALWAYS_EMBED_SWIFT_STANDARD_LIBRARIES = YES;
				DEVELOPMENT_TEAM = KQ76LPZY2S;
				INFOPLIST_FILE = TwitterUITests/Info.plist;
				LD_RUNPATH_SEARCH_PATHS = "$(inherited) @executable_path/Frameworks @loader_path/Frameworks";
				PRODUCT_BUNDLE_IDENTIFIER = com.SombreroElGringo.TwitterUITests;
				PRODUCT_NAME = "$(TARGET_NAME)";
				SWIFT_VERSION = 3.0;
				TEST_TARGET_NAME = Twitter;
			};
			name = Release;
		};
/* End XCBuildConfiguration section */

/* Begin XCConfigurationList section */
		4AEBBC041E9A669C00DBB665 /* Build configuration list for PBXProject "Twitter" */ = {
			isa = XCConfigurationList;
			buildConfigurations = (
				4AEBBC321E9A669C00DBB665 /* Debug */,
				4AEBBC331E9A669C00DBB665 /* Release */,
			);
			defaultConfigurationIsVisible = 0;
			defaultConfigurationName = Release;
		};
		4AEBBC341E9A669C00DBB665 /* Build configuration list for PBXNativeTarget "Twitter" */ = {
			isa = XCConfigurationList;
			buildConfigurations = (
				4AEBBC351E9A669C00DBB665 /* Debug */,
				4AEBBC361E9A669C00DBB665 /* Release */,
			);
			defaultConfigurationIsVisible = 0;
			defaultConfigurationName = Release;
		};
		4AEBBC371E9A669C00DBB665 /* Build configuration list for PBXNativeTarget "TwitterTests" */ = {
			isa = XCConfigurationList;
			buildConfigurations = (
				4AEBBC381E9A669C00DBB665 /* Debug */,
				4AEBBC391E9A669C00DBB665 /* Release */,
			);
			defaultConfigurationIsVisible = 0;
			defaultConfigurationName = Release;
		};
		4AEBBC3A1E9A669C00DBB665 /* Build configuration list for PBXNativeTarget "TwitterUITests" */ = {
			isa = XCConfigurationList;
			buildConfigurations = (
				4AEBBC3B1E9A669C00DBB665 /* Debug */,
				4AEBBC3C1E9A669C00DBB665 /* Release */,
			);
			defaultConfigurationIsVisible = 0;
			defaultConfigurationName = Release;
		};
/* End XCConfigurationList section */

/* Begin XCVersionGroup section */
		4AEBBC131E9A669C00DBB665 /* Twitter.xcdatamodeld */ = {
			isa = XCVersionGroup;
			children = (
				4AEBBC141E9A669C00DBB665 /* Twitter.xcdatamodel */,
			);
			currentVersion = 4AEBBC141E9A669C00DBB665 /* Twitter.xcdatamodel */;
			path = Twitter.xcdatamodeld;
			sourceTree = "<group>";
			versionGroupType = wrapper.xcdatamodel;
		};
/* End XCVersionGroup section */
	};
	rootObject = 4AEBBC011E9A669C00DBB665 /* Project object */;
}
